// !$*UTF8*$!
{
	archiveVersion = 1;
	classes = {
	};
	objectVersion = 60;
	objects = {

/* Begin PBXBuildFile section */
		5DF9BA2A2A5BEEA6008DE3C6 /* AppDelegate.swift in Sources */ = {isa = PBXBuildFile; fileRef = 5DF9BA292A5BEEA6008DE3C6 /* AppDelegate.swift */; };
		5DF9BA2C2A5BEEA6008DE3C6 /* SceneDelegate.swift in Sources */ = {isa = PBXBuildFile; fileRef = 5DF9BA2B2A5BEEA6008DE3C6 /* SceneDelegate.swift */; };
		5DF9BA2E2A5BEEA6008DE3C6 /* ViewController.swift in Sources */ = {isa = PBXBuildFile; fileRef = 5DF9BA2D2A5BEEA6008DE3C6 /* ViewController.swift */; };
		5DF9BA312A5BEEA6008DE3C6 /* Main.storyboard in Resources */ = {isa = PBXBuildFile; fileRef = 5DF9BA2F2A5BEEA6008DE3C6 /* Main.storyboard */; };
		5DF9BA332A5BEEA7008DE3C6 /* Assets.xcassets in Resources */ = {isa = PBXBuildFile; fileRef = 5DF9BA322A5BEEA7008DE3C6 /* Assets.xcassets */; };
		5DF9BA362A5BEEA7008DE3C6 /* LaunchScreen.storyboard in Resources */ = {isa = PBXBuildFile; fileRef = 5DF9BA342A5BEEA7008DE3C6 /* LaunchScreen.storyboard */; };
		5DF9BA3F2A5BEEC5008DE3C6 /* HalfScreenModalViewController in Frameworks */ = {isa = PBXBuildFile; productRef = 5DF9BA3E2A5BEEC5008DE3C6 /* HalfScreenModalViewController */; };
		5DF9BA422A5BF0FC008DE3C6 /* HalfScreenModalViewController in Frameworks */ = {isa = PBXBuildFile; productRef = 5DF9BA412A5BF0FC008DE3C6 /* HalfScreenModalViewController */; };
/* End PBXBuildFile section */

/* Begin PBXFileReference section */
		5DF9BA262A5BEEA6008DE3C6 /* Example.app */ = {isa = PBXFileReference; explicitFileType = wrapper.application; includeInIndex = 0; path = Example.app; sourceTree = BUILT_PRODUCTS_DIR; };
		5DF9BA292A5BEEA6008DE3C6 /* AppDelegate.swift */ = {isa = PBXFileReference; lastKnownFileType = sourcecode.swift; path = AppDelegate.swift; sourceTree = "<group>"; };
		5DF9BA2B2A5BEEA6008DE3C6 /* SceneDelegate.swift */ = {isa = PBXFileReference; lastKnownFileType = sourcecode.swift; path = SceneDelegate.swift; sourceTree = "<group>"; };
		5DF9BA2D2A5BEEA6008DE3C6 /* ViewController.swift */ = {isa = PBXFileReference; lastKnownFileType = sourcecode.swift; path = ViewController.swift; sourceTree = "<group>"; };
		5DF9BA302A5BEEA6008DE3C6 /* Base */ = {isa = PBXFileReference; lastKnownFileType = file.storyboard; name = Base; path = Base.lproj/Main.storyboard; sourceTree = "<group>"; };
		5DF9BA322A5BEEA7008DE3C6 /* Assets.xcassets */ = {isa = PBXFileReference; lastKnownFileType = folder.assetcatalog; path = Assets.xcassets; sourceTree = "<group>"; };
		5DF9BA352A5BEEA7008DE3C6 /* Base */ = {isa = PBXFileReference; lastKnownFileType = file.storyboard; name = Base; path = Base.lproj/LaunchScreen.storyboard; sourceTree = "<group>"; };
		5DF9BA372A5BEEA7008DE3C6 /* Info.plist */ = {isa = PBXFileReference; lastKnownFileType = text.plist.xml; path = Info.plist; sourceTree = "<group>"; };
		5DF9BA432A5C0E1B008DE3C6 /* screenshot.GIF */ = {isa = PBXFileReference; lastKnownFileType = image.gif; path = screenshot.GIF; sourceTree = "<group>"; };
/* End PBXFileReference section */

/* Begin PBXFrameworksBuildPhase section */
		5DF9BA232A5BEEA6008DE3C6 /* Frameworks */ = {
			isa = PBXFrameworksBuildPhase;
			buildActionMask = 2147483647;
			files = (
				5DF9BA422A5BF0FC008DE3C6 /* HalfScreenModalViewController in Frameworks */,
				5DF9BA3F2A5BEEC5008DE3C6 /* HalfScreenModalViewController in Frameworks */,
			);
			runOnlyForDeploymentPostprocessing = 0;
		};
/* End PBXFrameworksBuildPhase section */

/* Begin PBXGroup section */
		5DF9BA1D2A5BEEA6008DE3C6 = {
			isa = PBXGroup;
			children = (
				5DF9BA282A5BEEA6008DE3C6 /* Example */,
				5DF9BA272A5BEEA6008DE3C6 /* Products */,
			);
			sourceTree = "<group>";
		};
		5DF9BA272A5BEEA6008DE3C6 /* Products */ = {
			isa = PBXGroup;
			children = (
				5DF9BA262A5BEEA6008DE3C6 /* Example.app */,
			);
			name = Products;
			sourceTree = "<group>";
		};
		5DF9BA282A5BEEA6008DE3C6 /* Example */ = {
			isa = PBXGroup;
			children = (
				5DF9BA432A5C0E1B008DE3C6 /* screenshot.GIF */,
				5DF9BA292A5BEEA6008DE3C6 /* AppDelegate.swift */,
				5DF9BA2B2A5BEEA6008DE3C6 /* SceneDelegate.swift */,
				5DF9BA2D2A5BEEA6008DE3C6 /* ViewController.swift */,
				5DF9BA2F2A5BEEA6008DE3C6 /* Main.storyboard */,
				5DF9BA322A5BEEA7008DE3C6 /* Assets.xcassets */,
				5DF9BA342A5BEEA7008DE3C6 /* LaunchScreen.storyboard */,
				5DF9BA372A5BEEA7008DE3C6 /* Info.plist */,
			);
			path = Example;
			sourceTree = "<group>";
		};
/* End PBXGroup section */

/* Begin PBXNativeTarget section */
		5DF9BA252A5BEEA6008DE3C6 /* Example */ = {
			isa = PBXNativeTarget;
			buildConfigurationList = 5DF9BA3A2A5BEEA7008DE3C6 /* Build configuration list for PBXNativeTarget "Example" */;
			buildPhases = (
				5DF9BA222A5BEEA6008DE3C6 /* Sources */,
				5DF9BA232A5BEEA6008DE3C6 /* Frameworks */,
				5DF9BA242A5BEEA6008DE3C6 /* Resources */,
			);
			buildRules = (
			);
			dependencies = (
			);
			name = Example;
			packageProductDependencies = (
				5DF9BA3E2A5BEEC5008DE3C6 /* HalfScreenModalViewController */,
				5DF9BA412A5BF0FC008DE3C6 /* HalfScreenModalViewController */,
			);
			productName = Example;
			productReference = 5DF9BA262A5BEEA6008DE3C6 /* Example.app */;
			productType = "com.apple.product-type.application";
		};
/* End PBXNativeTarget section */

/* Begin PBXProject section */
		5DF9BA1E2A5BEEA6008DE3C6 /* Project object */ = {
			isa = PBXProject;
			attributes = {
				BuildIndependentTargetsInParallel = 1;
				LastSwiftUpdateCheck = 1500;
				LastUpgradeCheck = 1500;
				TargetAttributes = {
					5DF9BA252A5BEEA6008DE3C6 = {
						CreatedOnToolsVersion = 15.0;
					};
				};
			};
			buildConfigurationList = 5DF9BA212A5BEEA6008DE3C6 /* Build configuration list for PBXProject "Example" */;
			compatibilityVersion = "Xcode 14.0";
			developmentRegion = en;
			hasScannedForEncodings = 0;
			knownRegions = (
				en,
				Base,
			);
			mainGroup = 5DF9BA1D2A5BEEA6008DE3C6;
			packageReferences = (
				5DF9BA402A5BF0FC008DE3C6 /* XCLocalSwiftPackageReference ".." */,
			);
			productRefGroup = 5DF9BA272A5BEEA6008DE3C6 /* Products */;
			projectDirPath = "";
			projectRoot = "";
			targets = (
				5DF9BA252A5BEEA6008DE3C6 /* Example */,
			);
		};
/* End PBXProject section */

/* Begin PBXResourcesBuildPhase section */
		5DF9BA242A5BEEA6008DE3C6 /* Resources */ = {
			isa = PBXResourcesBuildPhase;
			buildActionMask = 2147483647;
			files = (
				5DF9BA362A5BEEA7008DE3C6 /* LaunchScreen.storyboard in Resources */,
				5DF9BA332A5BEEA7008DE3C6 /* Assets.xcassets in Resources */,
				5DF9BA312A5BEEA6008DE3C6 /* Main.storyboard in Resources */,
			);
			runOnlyForDeploymentPostprocessing = 0;
		};
/* End PBXResourcesBuildPhase section */

/* Begin PBXSourcesBuildPhase section */
		5DF9BA222A5BEEA6008DE3C6 /* Sources */ = {
			isa = PBXSourcesBuildPhase;
			buildActionMask = 2147483647;
			files = (
				5DF9BA2E2A5BEEA6008DE3C6 /* ViewController.swift in Sources */,
				5DF9BA2A2A5BEEA6008DE3C6 /* AppDelegate.swift in Sources */,
				5DF9BA2C2A5BEEA6008DE3C6 /* SceneDelegate.swift in Sources */,
			);
			runOnlyForDeploymentPostprocessing = 0;
		};
/* End PBXSourcesBuildPhase section */

/* Begin PBXVariantGroup section */
		5DF9BA2F2A5BEEA6008DE3C6 /* Main.storyboard */ = {
			isa = PBXVariantGroup;
			children = (
				5DF9BA302A5BEEA6008DE3C6 /* Base */,
			);
			name = Main.storyboard;
			sourceTree = "<group>";
		};
		5DF9BA342A5BEEA7008DE3C6 /* LaunchScreen.storyboard */ = {
			isa = PBXVariantGroup;
			children = (
				5DF9BA352A5BEEA7008DE3C6 /* Base */,
			);
			name = LaunchScreen.storyboard;
			sourceTree = "<group>";
		};
/* End PBXVariantGroup section */

/* Begin XCBuildConfiguration section */
		5DF9BA382A5BEEA7008DE3C6 /* Debug */ = {
			isa = XCBuildConfiguration;
			buildSettings = {
				ALWAYS_SEARCH_USER_PATHS = NO;
				ASSETCATALOG_COMPILER_GENERATE_SWIFT_ASSET_SYMBOL_EXTENSIONS = YES;
				CLANG_ANALYZER_NONNULL = YES;
				CLANG_ANALYZER_NUMBER_OBJECT_CONVERSION = YES_AGGRESSIVE;
				CLANG_CXX_LANGUAGE_STANDARD = "gnu++20";
				CLANG_ENABLE_MODULES = YES;
				CLANG_ENABLE_OBJC_ARC = YES;
				CLANG_ENABLE_OBJC_WEAK = YES;
				CLANG_WARN_BLOCK_CAPTURE_AUTORELEASING = YES;
				CLANG_WARN_BOOL_CONVERSION = YES;
				CLANG_WARN_COMMA = YES;
				CLANG_WARN_CONSTANT_CONVERSION = YES;
				CLANG_WARN_DEPRECATED_OBJC_IMPLEMENTATIONS = YES;
				CLANG_WARN_DIRECT_OBJC_ISA_USAGE = YES_ERROR;
				CLANG_WARN_DOCUMENTATION_COMMENTS = YES;
				CLANG_WARN_EMPTY_BODY = YES;
				CLANG_WARN_ENUM_CONVERSION = YES;
				CLANG_WARN_INFINITE_RECURSION = YES;
				CLANG_WARN_INT_CONVERSION = YES;
				CLANG_WARN_NON_LITERAL_NULL_CONVERSION = YES;
				CLANG_WARN_OBJC_IMPLICIT_RETAIN_SELF = YES;
				CLANG_WARN_OBJC_LITERAL_CONVERSION = YES;
				CLANG_WARN_OBJC_ROOT_CLASS = YES_ERROR;
				CLANG_WARN_QUOTED_INCLUDE_IN_FRAMEWORK_HEADER = YES;
				CLANG_WARN_RANGE_LOOP_ANALYSIS = YES;
				CLANG_WARN_STRICT_PROTOTYPES = YES;
				CLANG_WARN_SUSPICIOUS_MOVE = YES;
				CLANG_WARN_UNGUARDED_AVAILABILITY = YES_AGGRESSIVE;
				CLANG_WARN_UNREACHABLE_CODE = YES;
				CLANG_WARN__DUPLICATE_METHOD_MATCH = YES;
				COPY_PHASE_STRIP = NO;
				DEBUG_INFORMATION_FORMAT = dwarf;
				ENABLE_STRICT_OBJC_MSGSEND = YES;
				ENABLE_TESTABILITY = YES;
				ENABLE_USER_SCRIPT_SANDBOXING = YES;
				GCC_C_LANGUAGE_STANDARD = gnu17;
				GCC_DYNAMIC_NO_PIC = NO;
				GCC_NO_COMMON_BLOCKS = YES;
				GCC_OPTIMIZATION_LEVEL = 0;
				GCC_PREPROCESSOR_DEFINITIONS = (
					"DEBUG=1",
					"$(inherited)",
				);
				GCC_WARN_64_TO_32_BIT_CONVERSION = YES;
				GCC_WARN_ABOUT_RETURN_TYPE = YES_ERROR;
				GCC_WARN_UNDECLARED_SELECTOR = YES;
				GCC_WARN_UNINITIALIZED_AUTOS = YES_AGGRESSIVE;
				GCC_WARN_UNUSED_FUNCTION = YES;
				GCC_WARN_UNUSED_VARIABLE = YES;
				IPHONEOS_DEPLOYMENT_TARGET = 17.0;
				LOCALIZATION_PREFERS_STRING_CATALOGS = YES;
				MTL_ENABLE_DEBUG_INFO = INCLUDE_SOURCE;
				MTL_FAST_MATH = YES;
				ONLY_ACTIVE_ARCH = YES;
				SDKROOT = iphoneos;
				SWIFT_ACTIVE_COMPILATION_CONDITIONS = "DEBUG $(inherited)";
				SWIFT_OPTIMIZATION_LEVEL = "-Onone";
			};
			name = Debug;
		};
		5DF9BA392A5BEEA7008DE3C6 /* Release */ = {
			isa = XCBuildConfiguration;
			buildSettings = {
				ALWAYS_SEARCH_USER_PATHS = NO;
				ASSETCATALOG_COMPILER_GENERATE_SWIFT_ASSET_SYMBOL_EXTENSIONS = YES;
				CLANG_ANALYZER_NONNULL = YES;
				CLANG_ANALYZER_NUMBER_OBJECT_CONVERSION = YES_AGGRESSIVE;
				CLANG_CXX_LANGUAGE_STANDARD = "gnu++20";
				CLANG_ENABLE_MODULES = YES;
				CLANG_ENABLE_OBJC_ARC = YES;
				CLANG_ENABLE_OBJC_WEAK = YES;
				CLANG_WARN_BLOCK_CAPTURE_AUTORELEASING = YES;
				CLANG_WARN_BOOL_CONVERSION = YES;
				CLANG_WARN_COMMA = YES;
				CLANG_WARN_CONSTANT_CONVERSION = YES;
				CLANG_WARN_DEPRECATED_OBJC_IMPLEMENTATIONS = YES;
				CLANG_WARN_DIRECT_OBJC_ISA_USAGE = YES_ERROR;
				CLANG_WARN_DOCUMENTATION_COMMENTS = YES;
				CLANG_WARN_EMPTY_BODY = YES;
				CLANG_WARN_ENUM_CONVERSION = YES;
				CLANG_WARN_INFINITE_RECURSION = YES;
				CLANG_WARN_INT_CONVERSION = YES;
				CLANG_WARN_NON_LITERAL_NULL_CONVERSION = YES;
				CLANG_WARN_OBJC_IMPLICIT_RETAIN_SELF = YES;
				CLANG_WARN_OBJC_LITERAL_CONVERSION = YES;
				CLANG_WARN_OBJC_ROOT_CLASS = YES_ERROR;
				CLANG_WARN_QUOTED_INCLUDE_IN_FRAMEWORK_HEADER = YES;
				CLANG_WARN_RANGE_LOOP_ANALYSIS = YES;
				CLANG_WARN_STRICT_PROTOTYPES = YES;
				CLANG_WARN_SUSPICIOUS_MOVE = YES;
				CLANG_WARN_UNGUARDED_AVAILABILITY = YES_AGGRESSIVE;
				CLANG_WARN_UNREACHABLE_CODE = YES;
				CLANG_WARN__DUPLICATE_METHOD_MATCH = YES;
				COPY_PHASE_STRIP = NO;
				DEBUG_INFORMATION_FORMAT = "dwarf-with-dsym";
				ENABLE_NS_ASSERTIONS = NO;
				ENABLE_STRICT_OBJC_MSGSEND = YES;
				ENABLE_USER_SCRIPT_SANDBOXING = YES;
				GCC_C_LANGUAGE_STANDARD = gnu17;
				GCC_NO_COMMON_BLOCKS = YES;
				GCC_WARN_64_TO_32_BIT_CONVERSION = YES;
				GCC_WARN_ABOUT_RETURN_TYPE = YES_ERROR;
				GCC_WARN_UNDECLARED_SELECTOR = YES;
				GCC_WARN_UNINITIALIZED_AUTOS = YES_AGGRESSIVE;
				GCC_WARN_UNUSED_FUNCTION = YES;
				GCC_WARN_UNUSED_VARIABLE = YES;
				IPHONEOS_DEPLOYMENT_TARGET = 17.0;
				LOCALIZATION_PREFERS_STRING_CATALOGS = YES;
				MTL_ENABLE_DEBUG_INFO = NO;
				MTL_FAST_MATH = YES;
				SDKROOT = iphoneos;
				SWIFT_COMPILATION_MODE = wholemodule;
				VALIDATE_PRODUCT = YES;
			};
			name = Release;
		};
		5DF9BA3B2A5BEEA7008DE3C6 /* Debug */ = {
			isa = XCBuildConfiguration;
			buildSettings = {
				ASSETCATALOG_COMPILER_APPICON_NAME = AppIcon;
				ASSETCATALOG_COMPILER_GLOBAL_ACCENT_COLOR_NAME = AccentColor;
				CODE_SIGN_STYLE = Automatic;
				CURRENT_PROJECT_VERSION = 1;
				DEVELOPMENT_TEAM = 34Q4XGQR8Q;
				GENERATE_INFOPLIST_FILE = YES;
				INFOPLIST_FILE = Example/Info.plist;
				INFOPLIST_KEY_UIApplicationSupportsIndirectInputEvents = YES;
				INFOPLIST_KEY_UILaunchStoryboardName = LaunchScreen;
				INFOPLIST_KEY_UIMainStoryboardFile = Main;
				INFOPLIST_KEY_UISupportedInterfaceOrientations_iPad = "UIInterfaceOrientationPortrait UIInterfaceOrientationPortraitUpsideDown UIInterfaceOrientationLandscapeLeft UIInterfaceOrientationLandscapeRight";
				INFOPLIST_KEY_UISupportedInterfaceOrientations_iPhone = "UIInterfaceOrientationPortrait UIInterfaceOrientationLandscapeLeft UIInterfaceOrientationLandscapeRight";
				IPHONEOS_DEPLOYMENT_TARGET = 14.0;
				LD_RUNPATH_SEARCH_PATHS = (
					"$(inherited)",
					"@executable_path/Frameworks",
				);
				MARKETING_VERSION = 1.0;
				PRODUCT_BUNDLE_IDENTIFIER = "half-screen-modal-view-controller.Example";
				PRODUCT_NAME = "$(TARGET_NAME)";
				SWIFT_EMIT_LOC_STRINGS = YES;
				SWIFT_VERSION = 5.0;
				TARGETED_DEVICE_FAMILY = "1,2";
			};
			name = Debug;
		};
		5DF9BA3C2A5BEEA7008DE3C6 /* Release */ = {
			isa = XCBuildConfiguration;
			buildSettings = {
				ASSETCATALOG_COMPILER_APPICON_NAME = AppIcon;
				ASSETCATALOG_COMPILER_GLOBAL_ACCENT_COLOR_NAME = AccentColor;
				CODE_SIGN_STYLE = Automatic;
				CURRENT_PROJECT_VERSION = 1;
				DEVELOPMENT_TEAM = 34Q4XGQR8Q;
				GENERATE_INFOPLIST_FILE = YES;
				INFOPLIST_FILE = Example/Info.plist;
				INFOPLIST_KEY_UIApplicationSupportsIndirectInputEvents = YES;
				INFOPLIST_KEY_UILaunchStoryboardName = LaunchScreen;
				INFOPLIST_KEY_UIMainStoryboardFile = Main;
				INFOPLIST_KEY_UISupportedInterfaceOrientations_iPad = "UIInterfaceOrientationPortrait UIInterfaceOrientationPortraitUpsideDown UIInterfaceOrientationLandscapeLeft UIInterfaceOrientationLandscapeRight";
				INFOPLIST_KEY_UISupportedInterfaceOrientations_iPhone = "UIInterfaceOrientationPortrait UIInterfaceOrientationLandscapeLeft UIInterfaceOrientationLandscapeRight";
				IPHONEOS_DEPLOYMENT_TARGET = 14.0;
				LD_RUNPATH_SEARCH_PATHS = (
					"$(inherited)",
					"@executable_path/Frameworks",
				);
				MARKETING_VERSION = 1.0;
				PRODUCT_BUNDLE_IDENTIFIER = "half-screen-modal-view-controller.Example";
				PRODUCT_NAME = "$(TARGET_NAME)";
				SWIFT_EMIT_LOC_STRINGS = YES;
				SWIFT_VERSION = 5.0;
				TARGETED_DEVICE_FAMILY = "1,2";
			};
			name = Release;
		};
/* End XCBuildConfiguration section */

/* Begin XCConfigurationList section */
		5DF9BA212A5BEEA6008DE3C6 /* Build configuration list for PBXProject "Example" */ = {
			isa = XCConfigurationList;
			buildConfigurations = (
				5DF9BA382A5BEEA7008DE3C6 /* Debug */,
				5DF9BA392A5BEEA7008DE3C6 /* Release */,
			);
			defaultConfigurationIsVisible = 0;
			defaultConfigurationName = Release;
		};
		5DF9BA3A2A5BEEA7008DE3C6 /* Build configuration list for PBXNativeTarget "Example" */ = {
			isa = XCConfigurationList;
			buildConfigurations = (
				5DF9BA3B2A5BEEA7008DE3C6 /* Debug */,
				5DF9BA3C2A5BEEA7008DE3C6 /* Release */,
			);
			defaultConfigurationIsVisible = 0;
			defaultConfigurationName = Release;
		};
/* End XCConfigurationList section */

/* Begin XCLocalSwiftPackageReference section */
		5DF9BA402A5BF0FC008DE3C6 /* XCLocalSwiftPackageReference ".." */ = {
			isa = XCLocalSwiftPackageReference;
			relativePath = ..;
		};
/* End XCLocalSwiftPackageReference section */

/* Begin XCSwiftPackageProductDependency section */
		5DF9BA3E2A5BEEC5008DE3C6 /* HalfScreenModalViewController */ = {
			isa = XCSwiftPackageProductDependency;
			productName = HalfScreenModalViewController;
		};
		5DF9BA412A5BF0FC008DE3C6 /* HalfScreenModalViewController */ = {
			isa = XCSwiftPackageProductDependency;
			productName = HalfScreenModalViewController;
		};
/* End XCSwiftPackageProductDependency section */
	};
	rootObject = 5DF9BA1E2A5BEEA6008DE3C6 /* Project object */;
}
